
Microsoft Visual Studio Solution File, Format Version 12.00
# Visual Studio Version 16
VisualStudioVersion = 16.0.30711.63
MinimumVisualStudioVersion = 10.0.40219.1
Project("{FAE04EC0-301F-11D3-BF4B-00C04F79EFBC}") = "product_crud", "product_crud\product_crud.csproj", "{AD940C66-7AAE-42CB-96B4-70E19CECB97B}"
EndProject
Global
	GlobalSection(SolutionConfigurationPlatforms) = preSolution
		Debug|Any CPU = Debug|Any CPU
		Release|Any CPU = Release|Any CPU
	EndGlobalSection
	GlobalSection(ProjectConfigurationPlatforms) = postSolution
		{AD940C66-7AAE-42CB-96B4-70E19CECB97B}.Debug|Any CPU.ActiveCfg = Debug|Any CPU
		{AD940C66-7AAE-42CB-96B4-70E19CECB97B}.Debug|Any CPU.Build.0 = Debug|Any CPU
		{AD940C66-7AAE-42CB-96B4-70E19CECB97B}.Release|Any CPU.ActiveCfg = Release|Any CPU
		{AD940C66-7AAE-42CB-96B4-70E19CECB97B}.Release|Any CPU.Build.0 = Release|Any CPU
	EndGlobalSection
	GlobalSection(SolutionProperties) = preSolution
		HideSolutionNode = FALSE
	EndGlobalSection
	GlobalSection(ExtensibilityGlobals) = postSolution
		SolutionGuid = {8F8F5DDD-38A7-42DF-B2D3-5470D33FDCA8}
	EndGlobalSection
EndGlobal
